
Microsoft Visual Studio Solution File, Format Version 12.00
# Visual Studio Version 17
VisualStudioVersion = 17.3.32825.248
MinimumVisualStudioVersion = 10.0.40219.1
Project("{FAE04EC0-301F-11D3-BF4B-00C04F79EFBC}") = "ejer3.6", "ejer3.6\ejer3.6.csproj", "{9830F869-B630-4D37-8E5C-39B648460830}"
EndProject
Global
	GlobalSection(SolutionConfigurationPlatforms) = preSolution
		Debug|Any CPU = Debug|Any CPU
		Release|Any CPU = Release|Any CPU
	EndGlobalSection
	GlobalSection(ProjectConfigurationPlatforms) = postSolution
		{9830F869-B630-4D37-8E5C-39B648460830}.Debug|Any CPU.ActiveCfg = Debug|Any CPU
		{9830F869-B630-4D37-8E5C-39B648460830}.Debug|Any CPU.Build.0 = Debug|Any CPU
		{9830F869-B630-4D37-8E5C-39B648460830}.Release|Any CPU.ActiveCfg = Release|Any CPU
		{9830F869-B630-4D37-8E5C-39B648460830}.Release|Any CPU.Build.0 = Release|Any CPU
	EndGlobalSection
	GlobalSection(SolutionProperties) = preSolution
		HideSolutionNode = FALSE
	EndGlobalSection
	GlobalSection(ExtensibilityGlobals) = postSolution
		SolutionGuid = {AE466CC5-9333-4AC9-88FA-D959590948F1}
	EndGlobalSection
EndGlobal
